
Microsoft Visual Studio Solution File, Format Version 12.00
# Visual Studio 15
VisualStudioVersion = 15.0.27428.2043
MinimumVisualStudioVersion = 10.0.40219.1
Project("{FAE04EC0-301F-11D3-BF4B-00C04F79EFBC}") = "Client", "Client\Client.csproj", "{11D750C0-F4E0-4753-9363-01D933361969}"
EndProject
Global
	GlobalSection(SolutionConfigurationPlatforms) = preSolution
		Debug|Any CPU = Debug|Any CPU
		Release|Any CPU = Release|Any CPU
	EndGlobalSection
	GlobalSection(ProjectConfigurationPlatforms) = postSolution
		{11D750C0-F4E0-4753-9363-01D933361969}.Debug|Any CPU.ActiveCfg = Debug|Any CPU
		{11D750C0-F4E0-4753-9363-01D933361969}.Debug|Any CPU.Build.0 = Debug|Any CPU
		{11D750C0-F4E0-4753-9363-01D933361969}.Release|Any CPU.ActiveCfg = Release|Any CPU
		{11D750C0-F4E0-4753-9363-01D933361969}.Release|Any CPU.Build.0 = Release|Any CPU
	EndGlobalSection
	GlobalSection(SolutionProperties) = preSolution
		HideSolutionNode = FALSE
	EndGlobalSection
	GlobalSection(ExtensibilityGlobals) = postSolution
		SolutionGuid = {7F1B9FDE-868A-4029-A308-E83ED373B892}
	EndGlobalSection
EndGlobal
